
Microsoft Visual Studio Solution File, Format Version 12.00
# Visual Studio Version 17
VisualStudioVersion = 17.5.33627.172
MinimumVisualStudioVersion = 10.0.40219.1
Project("{9A19103F-16F7-4668-BE54-9A1E7A4F7556}") = "PurplePiranha.FluentResults", "PurplePiranha.FluentResults\PurplePiranha.FluentResults.csproj", "{78EBCA49-BF31-46C8-858E-7AAB8593C40C}"
EndProject
Project("{9A19103F-16F7-4668-BE54-9A1E7A4F7556}") = "PurplePiranha.FluentResults.Tests", "PurplePiranha.FluentResults.Tests\PurplePiranha.FluentResults.Tests.csproj", "{8EAF1867-A495-472F-BE1A-6B5CB3BD0444}"
EndProject
Project("{FAE04EC0-301F-11D3-BF4B-00C04F79EFBC}") = "PurplePiranha.FluentResults.Validation", "PurplePiranha.FluentResults.Validation\PurplePiranha.FluentResults.Validation.csproj", "{E20F668E-5BA2-4CB1-852E-345C1F45958F}"
EndProject
Project("{FAE04EC0-301F-11D3-BF4B-00C04F79EFBC}") = "PurplePiranha.FluentResults.Validation.Tests", "PurplePiranha.FluentResults.Validation.Tests\PurplePiranha.FluentResults.Validation.Tests.csproj", "{8D7A79F3-4399-4EFD-AB66-94F8845F43F4}"
EndProject
Global
	GlobalSection(SolutionConfigurationPlatforms) = preSolution
		Debug|Any CPU = Debug|Any CPU
		Release|Any CPU = Release|Any CPU
	EndGlobalSection
	GlobalSection(ProjectConfigurationPlatforms) = postSolution
		{78EBCA49-BF31-46C8-858E-7AAB8593C40C}.Debug|Any CPU.ActiveCfg = Debug|Any CPU
		{78EBCA49-BF31-46C8-858E-7AAB8593C40C}.Debug|Any CPU.Build.0 = Debug|Any CPU
		{78EBCA49-BF31-46C8-858E-7AAB8593C40C}.Release|Any CPU.ActiveCfg = Release|Any CPU
		{78EBCA49-BF31-46C8-858E-7AAB8593C40C}.Release|Any CPU.Build.0 = Release|Any CPU
		{8EAF1867-A495-472F-BE1A-6B5CB3BD0444}.Debug|Any CPU.ActiveCfg = Debug|Any CPU
		{8EAF1867-A495-472F-BE1A-6B5CB3BD0444}.Debug|Any CPU.Build.0 = Debug|Any CPU
		{8EAF1867-A495-472F-BE1A-6B5CB3BD0444}.Release|Any CPU.ActiveCfg = Release|Any CPU
		{8EAF1867-A495-472F-BE1A-6B5CB3BD0444}.Release|Any CPU.Build.0 = Release|Any CPU
		{E20F668E-5BA2-4CB1-852E-345C1F45958F}.Debug|Any CPU.ActiveCfg = Debug|Any CPU
		{E20F668E-5BA2-4CB1-852E-345C1F45958F}.Debug|Any CPU.Build.0 = Debug|Any CPU
		{E20F668E-5BA2-4CB1-852E-345C1F45958F}.Release|Any CPU.ActiveCfg = Release|Any CPU
		{E20F668E-5BA2-4CB1-852E-345C1F45958F}.Release|Any CPU.Build.0 = Release|Any CPU
		{8D7A79F3-4399-4EFD-AB66-94F8845F43F4}.Debug|Any CPU.ActiveCfg = Debug|Any CPU
		{8D7A79F3-4399-4EFD-AB66-94F8845F43F4}.Debug|Any CPU.Build.0 = Debug|Any CPU
		{8D7A79F3-4399-4EFD-AB66-94F8845F43F4}.Release|Any CPU.ActiveCfg = Release|Any CPU
		{8D7A79F3-4399-4EFD-AB66-94F8845F43F4}.Release|Any CPU.Build.0 = Release|Any CPU
	EndGlobalSection
	GlobalSection(SolutionProperties) = preSolution
		HideSolutionNode = FALSE
	EndGlobalSection
	GlobalSection(ExtensibilityGlobals) = postSolution
		SolutionGuid = {7C96FF65-BFE0-4C8C-A493-40FCE7239AB3}
	EndGlobalSection
EndGlobal
